
Microsoft Visual Studio Solution File, Format Version 12.00
# Visual Studio Version 17
VisualStudioVersion = 17.10.35122.118
MinimumVisualStudioVersion = 10.0.40219.1
Project("{FAE04EC0-301F-11D3-BF4B-00C04F79EFBC}") = "DotnetWithMongo", "DotnetWithMongo.csproj", "{63798D29-4B45-4663-8F78-9B8A042504FC}"
EndProject
Global
	GlobalSection(SolutionConfigurationPlatforms) = preSolution
		Debug|Any CPU = Debug|Any CPU
		Release|Any CPU = Release|Any CPU
	EndGlobalSection
	GlobalSection(ProjectConfigurationPlatforms) = postSolution
		{63798D29-4B45-4663-8F78-9B8A042504FC}.Debug|Any CPU.ActiveCfg = Debug|Any CPU
		{63798D29-4B45-4663-8F78-9B8A042504FC}.Debug|Any CPU.Build.0 = Debug|Any CPU
		{63798D29-4B45-4663-8F78-9B8A042504FC}.Release|Any CPU.ActiveCfg = Release|Any CPU
		{63798D29-4B45-4663-8F78-9B8A042504FC}.Release|Any CPU.Build.0 = Release|Any CPU
	EndGlobalSection
	GlobalSection(SolutionProperties) = preSolution
		HideSolutionNode = FALSE
	EndGlobalSection
	GlobalSection(ExtensibilityGlobals) = postSolution
		SolutionGuid = {5C334A90-1F65-4535-8477-F289187959D4}
	EndGlobalSection
EndGlobal
