
Microsoft Visual Studio Solution File, Format Version 12.00
# Visual Studio Version 17
VisualStudioVersion = 17.10.35122.118
MinimumVisualStudioVersion = 10.0.40219.1
Project("{9A19103F-16F7-4668-BE54-9A1E7A4F7556}") = "AuthSessionApi", "AuthSessionApi.csproj", "{5794C31B-C3B3-4706-95FA-6C9AA0397DB4}"
EndProject
Global
	GlobalSection(SolutionConfigurationPlatforms) = preSolution
		Debug|Any CPU = Debug|Any CPU
		Release|Any CPU = Release|Any CPU
	EndGlobalSection
	GlobalSection(ProjectConfigurationPlatforms) = postSolution
		{5794C31B-C3B3-4706-95FA-6C9AA0397DB4}.Debug|Any CPU.ActiveCfg = Debug|Any CPU
		{5794C31B-C3B3-4706-95FA-6C9AA0397DB4}.Debug|Any CPU.Build.0 = Debug|Any CPU
		{5794C31B-C3B3-4706-95FA-6C9AA0397DB4}.Release|Any CPU.ActiveCfg = Release|Any CPU
		{5794C31B-C3B3-4706-95FA-6C9AA0397DB4}.Release|Any CPU.Build.0 = Release|Any CPU
	EndGlobalSection
	GlobalSection(SolutionProperties) = preSolution
		HideSolutionNode = FALSE
	EndGlobalSection
	GlobalSection(ExtensibilityGlobals) = postSolution
		SolutionGuid = {854423AD-EB8C-4ABF-B2AC-842E5D2A2EE2}
	EndGlobalSection
EndGlobal
