
Microsoft Visual Studio Solution File, Format Version 12.00
# Visual Studio Version 17
VisualStudioVersion = 17.10.35122.118
MinimumVisualStudioVersion = 10.0.40219.1
Project("{FAE04EC0-301F-11D3-BF4B-00C04F79EFBC}") = "MinimalApi", "MinimalApi.csproj", "{B12F16B8-2BBB-4491-8E09-2DDC89FCEF31}"
EndProject
Global
	GlobalSection(SolutionConfigurationPlatforms) = preSolution
		Debug|Any CPU = Debug|Any CPU
		Release|Any CPU = Release|Any CPU
	EndGlobalSection
	GlobalSection(ProjectConfigurationPlatforms) = postSolution
		{B12F16B8-2BBB-4491-8E09-2DDC89FCEF31}.Debug|Any CPU.ActiveCfg = Debug|Any CPU
		{B12F16B8-2BBB-4491-8E09-2DDC89FCEF31}.Debug|Any CPU.Build.0 = Debug|Any CPU
		{B12F16B8-2BBB-4491-8E09-2DDC89FCEF31}.Release|Any CPU.ActiveCfg = Release|Any CPU
		{B12F16B8-2BBB-4491-8E09-2DDC89FCEF31}.Release|Any CPU.Build.0 = Release|Any CPU
	EndGlobalSection
	GlobalSection(SolutionProperties) = preSolution
		HideSolutionNode = FALSE
	EndGlobalSection
	GlobalSection(ExtensibilityGlobals) = postSolution
		SolutionGuid = {BBF4DE29-16D7-4D0A-9FAB-48C948DA27AD}
	EndGlobalSection
EndGlobal
